# THIS IS AN AUTOGENERATED FILE. DO NOT EDIT THIS FILE DIRECTLY.
# yarn lockfile v1


core-js@^3.6.5:
  version "3.7.0"
  resolved "https://registry.yarnpkg.com/core-js/-/core-js-3.7.0.tgz#b0a761a02488577afbf97179e4681bf49568520f"
  integrity sha512-NwS7fI5M5B85EwpWuIwJN4i/fbisQUwLwiSNUWeXlkAZ0sbBjLEvLvFLf1uzAUV66PcEPt4xCGCmOZSxVf3xzA==

vue-class-component@^7.1.0:
  version "7.2.6"
  resolved "https://registry.yarnpkg.com/vue-class-component/-/vue-class-component-7.2.6.tgz#8471e037b8e4762f5a464686e19e5afc708502e4"
  integrity sha512-+eaQXVrAm/LldalI272PpDe3+i4mPis0ORiMYxF6Ae4hyuCh15W8Idet7wPUEs4N4YptgFHGys4UrgNQOMyO6w==

vue-property-decorator@^8.0.0:
  version "8.5.1"
  resolved "https://registry.yarnpkg.com/vue-property-decorator/-/vue-property-decorator-8.5.1.tgz#571a91cf8d2b507f537d79bf8275af3184572fff"
  integrity sha512-O6OUN2OMsYTGPvgFtXeBU3jPnX5ffQ9V4I1WfxFQ6dqz6cOUbR3Usou7kgFpfiXDvV7dJQSFcJ5yUPgOtPPm1Q==
  dependencies:
    vue-class-component "^7.1.0"

vue-slider-component@^3.2.11:
  version "3.2.11"
  resolved "https://registry.yarnpkg.com/vue-slider-component/-/vue-slider-component-3.2.11.tgz#79e338dc5a32ca927a8f79ee55256197bd785235"
  integrity sha512-2YyJW6TFnYk5FUvqQLvZcCJ+hthBXB819qNHtwnEUyDbOcTXV0n3Ou1ZphOi5FX9phlQIiC2NvjLuRAVmNq+Zw==
  dependencies:
    core-js "^3.6.5"
    vue-property-decorator "^8.0.0"
